
Microsoft Visual Studio Solution File, Format Version 12.00
# Visual Studio 15
VisualStudioVersion = 15.0.27703.2000
MinimumVisualStudioVersion = 10.0.40219.1
Project("{FAE04EC0-301F-11D3-BF4B-00C04F79EFBC}") = "Tamagotchi.Common", "Tamagotchi.Common\Tamagotchi.Common.csproj", "{84519763-1A73-4127-8C37-0B03904DB706}"
EndProject
Global
	GlobalSection(SolutionConfigurationPlatforms) = preSolution
		Debug|Any CPU = Debug|Any CPU
		Release|Any CPU = Release|Any CPU
	EndGlobalSection
	GlobalSection(ProjectConfigurationPlatforms) = postSolution
		{84519763-1A73-4127-8C37-0B03904DB706}.Debug|Any CPU.ActiveCfg = Debug|Any CPU
		{84519763-1A73-4127-8C37-0B03904DB706}.Debug|Any CPU.Build.0 = Debug|Any CPU
		{84519763-1A73-4127-8C37-0B03904DB706}.Release|Any CPU.ActiveCfg = Release|Any CPU
		{84519763-1A73-4127-8C37-0B03904DB706}.Release|Any CPU.Build.0 = Release|Any CPU
	EndGlobalSection
	GlobalSection(SolutionProperties) = preSolution
		HideSolutionNode = FALSE
	EndGlobalSection
	GlobalSection(ExtensibilityGlobals) = postSolution
		SolutionGuid = {E6F0D574-25A9-4F10-A238-6535622AFDCA}
	EndGlobalSection
EndGlobal
